// !$*UTF8*$!
{
	archiveVersion = 1;
	classes = {
	};
	objectVersion = 50;
	objects = {

/* Begin PBXBuildFile section */
		8103CDBC22F9196500D9E723 /* UIColor-Extension.swift in Sources */ = {isa = PBXBuildFile; fileRef = 8103CDBB22F9196500D9E723 /* UIColor-Extension.swift */; };
		8103CDBE22F961E800D9E723 /* RecommendViewController.swift in Sources */ = {isa = PBXBuildFile; fileRef = 8103CDBD22F961E800D9E723 /* RecommendViewController.swift */; };
		8103CDC122F96EC400D9E723 /* CollectionHeaderView.swift in Sources */ = {isa = PBXBuildFile; fileRef = 8103CDBF22F96EC400D9E723 /* CollectionHeaderView.swift */; };
		8103CDC222F96EC400D9E723 /* CollectionHeaderView.xib in Resources */ = {isa = PBXBuildFile; fileRef = 8103CDC022F96EC400D9E723 /* CollectionHeaderView.xib */; };
		8103CDC522F9743E00D9E723 /* CollectionNormalCell.swift in Sources */ = {isa = PBXBuildFile; fileRef = 8103CDC322F9743E00D9E723 /* CollectionNormalCell.swift */; };
		8103CDC622F9743E00D9E723 /* CollectionNormalCell.xib in Resources */ = {isa = PBXBuildFile; fileRef = 8103CDC422F9743E00D9E723 /* CollectionNormalCell.xib */; };
		8103CDC922F97A1000D9E723 /* CollectionGirlsCell.swift in Sources */ = {isa = PBXBuildFile; fileRef = 8103CDC722F97A1000D9E723 /* CollectionGirlsCell.swift */; };
		8103CDCA22F97A1000D9E723 /* CollectionGirlsCell.xib in Resources */ = {isa = PBXBuildFile; fileRef = 8103CDC822F97A1000D9E723 /* CollectionGirlsCell.xib */; };
		81FD99AC22F803C200738ABC /* AppDelegate.swift in Sources */ = {isa = PBXBuildFile; fileRef = 81FD99AB22F803C200738ABC /* AppDelegate.swift */; };
		81FD99B122F803C200738ABC /* Main.storyboard in Resources */ = {isa = PBXBuildFile; fileRef = 81FD99AF22F803C200738ABC /* Main.storyboard */; };
		81FD99B322F803C500738ABC /* Assets.xcassets in Resources */ = {isa = PBXBuildFile; fileRef = 81FD99B222F803C500738ABC /* Assets.xcassets */; };
		81FD99B622F803C500738ABC /* LaunchScreen.storyboard in Resources */ = {isa = PBXBuildFile; fileRef = 81FD99B422F803C500738ABC /* LaunchScreen.storyboard */; };
		81FD99C122F803C500738ABC /* DYZBTests.swift in Sources */ = {isa = PBXBuildFile; fileRef = 81FD99C022F803C500738ABC /* DYZBTests.swift */; };
		81FD99CC22F803C500738ABC /* DYZBUITests.swift in Sources */ = {isa = PBXBuildFile; fileRef = 81FD99CB22F803C500738ABC /* DYZBUITests.swift */; };
		81FD99E422F816D700738ABC /* Home.storyboard in Resources */ = {isa = PBXBuildFile; fileRef = 81FD99E222F816D600738ABC /* Home.storyboard */; };
		81FD99E722F8170000738ABC /* Live.storyboard in Resources */ = {isa = PBXBuildFile; fileRef = 81FD99E522F8170000738ABC /* Live.storyboard */; };
		81FD99EA22F8171700738ABC /* Follow.storyboard in Resources */ = {isa = PBXBuildFile; fileRef = 81FD99E822F8171700738ABC /* Follow.storyboard */; };
		81FD99ED22F8173100738ABC /* Profile.storyboard in Resources */ = {isa = PBXBuildFile; fileRef = 81FD99EB22F8173100738ABC /* Profile.storyboard */; };
		81FD99EF22F8182000738ABC /* MainTabbarController.swift in Sources */ = {isa = PBXBuildFile; fileRef = 81FD99EE22F8182000738ABC /* MainTabbarController.swift */; };
		81FD99F422F81B6800738ABC /* HomeViewController.swift in Sources */ = {isa = PBXBuildFile; fileRef = 81FD99F322F81B6800738ABC /* HomeViewController.swift */; };
		81FD99F722F820EC00738ABC /* UIBarButtonItem-Extension.swift in Sources */ = {isa = PBXBuildFile; fileRef = 81FD99F622F820EC00738ABC /* UIBarButtonItem-Extension.swift */; };
		81FD99F922F82E2B00738ABC /* Common.swift in Sources */ = {isa = PBXBuildFile; fileRef = 81FD99F822F82E2B00738ABC /* Common.swift */; };
		CD41E40D22F867C10065960D /* PageTitleView.swift in Sources */ = {isa = PBXBuildFile; fileRef = CD41E40C22F867C10065960D /* PageTitleView.swift */; };
		CD41E40F22F87B610065960D /* PageContentView.swift in Sources */ = {isa = PBXBuildFile; fileRef = CD41E40E22F87B610065960D /* PageContentView.swift */; };
/* End PBXBuildFile section */

/* Begin PBXContainerItemProxy section */
		81FD99BD22F803C500738ABC /* PBXContainerItemProxy */ = {
			isa = PBXContainerItemProxy;
			containerPortal = 81FD99A022F803C200738ABC /* Project object */;
			proxyType = 1;
			remoteGlobalIDString = 81FD99A722F803C200738ABC;
			remoteInfo = DYZB;
		};
		81FD99C822F803C500738ABC /* PBXContainerItemProxy */ = {
			isa = PBXContainerItemProxy;
			containerPortal = 81FD99A022F803C200738ABC /* Project object */;
			proxyType = 1;
			remoteGlobalIDString = 81FD99A722F803C200738ABC;
			remoteInfo = DYZB;
		};
/* End PBXContainerItemProxy section */

/* Begin PBXFileReference section */
		8103CDBB22F9196500D9E723 /* UIColor-Extension.swift */ = {isa = PBXFileReference; lastKnownFileType = sourcecode.swift; path = "UIColor-Extension.swift"; sourceTree = "<group>"; };
		8103CDBD22F961E800D9E723 /* RecommendViewController.swift */ = {isa = PBXFileReference; lastKnownFileType = sourcecode.swift; path = RecommendViewController.swift; sourceTree = "<group>"; };
		8103CDBF22F96EC400D9E723 /* CollectionHeaderView.swift */ = {isa = PBXFileReference; lastKnownFileType = sourcecode.swift; path = CollectionHeaderView.swift; sourceTree = "<group>"; };
		8103CDC022F96EC400D9E723 /* CollectionHeaderView.xib */ = {isa = PBXFileReference; lastKnownFileType = file.xib; path = CollectionHeaderView.xib; sourceTree = "<group>"; };
		8103CDC322F9743E00D9E723 /* CollectionNormalCell.swift */ = {isa = PBXFileReference; lastKnownFileType = sourcecode.swift; path = CollectionNormalCell.swift; sourceTree = "<group>"; };
		8103CDC422F9743E00D9E723 /* CollectionNormalCell.xib */ = {isa = PBXFileReference; lastKnownFileType = file.xib; path = CollectionNormalCell.xib; sourceTree = "<group>"; };
		8103CDC722F97A1000D9E723 /* CollectionGirlsCell.swift */ = {isa = PBXFileReference; lastKnownFileType = sourcecode.swift; path = CollectionGirlsCell.swift; sourceTree = "<group>"; };
		8103CDC822F97A1000D9E723 /* CollectionGirlsCell.xib */ = {isa = PBXFileReference; lastKnownFileType = file.xib; path = CollectionGirlsCell.xib; sourceTree = "<group>"; };
		81FD99A822F803C200738ABC /* DYZB.app */ = {isa = PBXFileReference; explicitFileType = wrapper.application; includeInIndex = 0; path = DYZB.app; sourceTree = BUILT_PRODUCTS_DIR; };
		81FD99AB22F803C200738ABC /* AppDelegate.swift */ = {isa = PBXFileReference; lastKnownFileType = sourcecode.swift; path = AppDelegate.swift; sourceTree = "<group>"; };
		81FD99B022F803C200738ABC /* Base */ = {isa = PBXFileReference; lastKnownFileType = file.storyboard; name = Base; path = Base.lproj/Main.storyboard; sourceTree = "<group>"; };
		81FD99B222F803C500738ABC /* Assets.xcassets */ = {isa = PBXFileReference; lastKnownFileType = folder.assetcatalog; path = Assets.xcassets; sourceTree = "<group>"; };
		81FD99B522F803C500738ABC /* Base */ = {isa = PBXFileReference; lastKnownFileType = file.storyboard; name = Base; path = Base.lproj/LaunchScreen.storyboard; sourceTree = "<group>"; };
		81FD99B722F803C500738ABC /* Info.plist */ = {isa = PBXFileReference; lastKnownFileType = text.plist.xml; path = Info.plist; sourceTree = "<group>"; };
		81FD99BC22F803C500738ABC /* DYZBTests.xctest */ = {isa = PBXFileReference; explicitFileType = wrapper.cfbundle; includeInIndex = 0; path = DYZBTests.xctest; sourceTree = BUILT_PRODUCTS_DIR; };
		81FD99C022F803C500738ABC /* DYZBTests.swift */ = {isa = PBXFileReference; lastKnownFileType = sourcecode.swift; path = DYZBTests.swift; sourceTree = "<group>"; };
		81FD99C222F803C500738ABC /* Info.plist */ = {isa = PBXFileReference; lastKnownFileType = text.plist.xml; path = Info.plist; sourceTree = "<group>"; };
		81FD99C722F803C500738ABC /* DYZBUITests.xctest */ = {isa = PBXFileReference; explicitFileType = wrapper.cfbundle; includeInIndex = 0; path = DYZBUITests.xctest; sourceTree = BUILT_PRODUCTS_DIR; };
		81FD99CB22F803C500738ABC /* DYZBUITests.swift */ = {isa = PBXFileReference; lastKnownFileType = sourcecode.swift; path = DYZBUITests.swift; sourceTree = "<group>"; };
		81FD99CD22F803C500738ABC /* Info.plist */ = {isa = PBXFileReference; lastKnownFileType = text.plist.xml; path = Info.plist; sourceTree = "<group>"; };
		81FD99E322F816D700738ABC /* Base */ = {isa = PBXFileReference; lastKnownFileType = file.storyboard; name = Base; path = DYZB/Classes/Mine/Base.lproj/Home.storyboard; sourceTree = "<group>"; };
		81FD99E622F8170000738ABC /* Base */ = {isa = PBXFileReference; lastKnownFileType = file.storyboard; name = Base; path = DYZB/Base.lproj/Live.storyboard; sourceTree = "<group>"; };
		81FD99E922F8171700738ABC /* Base */ = {isa = PBXFileReference; lastKnownFileType = file.storyboard; name = Base; path = DYZB/Classes/Mine/Base.lproj/Follow.storyboard; sourceTree = "<group>"; };
		81FD99EC22F8173100738ABC /* Base */ = {isa = PBXFileReference; lastKnownFileType = file.storyboard; name = Base; path = DYZB/Base.lproj/Profile.storyboard; sourceTree = "<group>"; };
		81FD99EE22F8182000738ABC /* MainTabbarController.swift */ = {isa = PBXFileReference; lastKnownFileType = sourcecode.swift; path = MainTabbarController.swift; sourceTree = "<group>"; };
		81FD99F322F81B6800738ABC /* HomeViewController.swift */ = {isa = PBXFileReference; lastKnownFileType = sourcecode.swift; path = HomeViewController.swift; sourceTree = "<group>"; };
		81FD99F622F820EC00738ABC /* UIBarButtonItem-Extension.swift */ = {isa = PBXFileReference; lastKnownFileType = sourcecode.swift; path = "UIBarButtonItem-Extension.swift"; sourceTree = "<group>"; };
		81FD99F822F82E2B00738ABC /* Common.swift */ = {isa = PBXFileReference; lastKnownFileType = sourcecode.swift; path = Common.swift; sourceTree = "<group>"; };
		CD41E40C22F867C10065960D /* PageTitleView.swift */ = {isa = PBXFileReference; lastKnownFileType = sourcecode.swift; path = PageTitleView.swift; sourceTree = "<group>"; };
		CD41E40E22F87B610065960D /* PageContentView.swift */ = {isa = PBXFileReference; lastKnownFileType = sourcecode.swift; path = PageContentView.swift; sourceTree = "<group>"; };
/* End PBXFileReference section */

/* Begin PBXFrameworksBuildPhase section */
		81FD99A522F803C200738ABC /* Frameworks */ = {
			isa = PBXFrameworksBuildPhase;
			buildActionMask = 2147483647;
			files = (
			);
			runOnlyForDeploymentPostprocessing = 0;
		};
		81FD99B922F803C500738ABC /* Frameworks */ = {
			isa = PBXFrameworksBuildPhase;
			buildActionMask = 2147483647;
			files = (
			);
			runOnlyForDeploymentPostprocessing = 0;
		};
		81FD99C422F803C500738ABC /* Frameworks */ = {
			isa = PBXFrameworksBuildPhase;
			buildActionMask = 2147483647;
			files = (
			);
			runOnlyForDeploymentPostprocessing = 0;
		};
/* End PBXFrameworksBuildPhase section */

/* Begin PBXGroup section */
		81FD999F22F803C200738ABC = {
			isa = PBXGroup;
			children = (
				81FD99AA22F803C200738ABC /* DYZB */,
				81FD99BF22F803C500738ABC /* DYZBTests */,
				81FD99CA22F803C500738ABC /* DYZBUITests */,
				81FD99A922F803C200738ABC /* Products */,
			);
			sourceTree = "<group>";
		};
		81FD99A922F803C200738ABC /* Products */ = {
			isa = PBXGroup;
			children = (
				81FD99A822F803C200738ABC /* DYZB.app */,
				81FD99BC22F803C500738ABC /* DYZBTests.xctest */,
				81FD99C722F803C500738ABC /* DYZBUITests.xctest */,
			);
			name = Products;
			sourceTree = "<group>";
		};
		81FD99AA22F803C200738ABC /* DYZB */ = {
			isa = PBXGroup;
			children = (
				81FD99DB22F805E900738ABC /* Classes */,
				81FD99AB22F803C200738ABC /* AppDelegate.swift */,
				81FD99B222F803C500738ABC /* Assets.xcassets */,
				81FD99B422F803C500738ABC /* LaunchScreen.storyboard */,
				81FD99B722F803C500738ABC /* Info.plist */,
			);
			path = DYZB;
			sourceTree = "<group>";
		};
		81FD99BF22F803C500738ABC /* DYZBTests */ = {
			isa = PBXGroup;
			children = (
				81FD99C022F803C500738ABC /* DYZBTests.swift */,
				81FD99C222F803C500738ABC /* Info.plist */,
			);
			path = DYZBTests;
			sourceTree = "<group>";
		};
		81FD99CA22F803C500738ABC /* DYZBUITests */ = {
			isa = PBXGroup;
			children = (
				81FD99CB22F803C500738ABC /* DYZBUITests.swift */,
				81FD99CD22F803C500738ABC /* Info.plist */,
			);
			path = DYZBUITests;
			sourceTree = "<group>";
		};
		81FD99DB22F805E900738ABC /* Classes */ = {
			isa = PBXGroup;
			children = (
				81FD99DE22F8060500738ABC /* Main */,
				81FD99DC22F805F600738ABC /* Home */,
				81FD99DD22F805FE00738ABC /* Live */,
				81FD99DF22F8061800738ABC /* Follow */,
				81FD99E022F8062500738ABC /* Profile */,
				81FD99E122F8062F00738ABC /* Tools */,
			);
			path = Classes;
			sourceTree = "<group>";
		};
		81FD99DC22F805F600738ABC /* Home */ = {
			isa = PBXGroup;
			children = (
				81FD99F022F81B2F00738ABC /* Model */,
				81FD99F122F81B3600738ABC /* View */,
				81FD99F222F81B3B00738ABC /* Controller */,
			);
			path = Home;
			sourceTree = "<group>";
		};
		81FD99DD22F805FE00738ABC /* Live */ = {
			isa = PBXGroup;
			children = (
				81FD99E522F8170000738ABC /* Live.storyboard */,
			);
			path = Live;
			sourceTree = "<group>";
		};
		81FD99DE22F8060500738ABC /* Main */ = {
			isa = PBXGroup;
			children = (
				CD41E40B22F867800065960D /* View */,
				81FD99AF22F803C200738ABC /* Main.storyboard */,
				81FD99EE22F8182000738ABC /* MainTabbarController.swift */,
			);
			path = Main;
			sourceTree = "<group>";
		};
		81FD99DF22F8061800738ABC /* Follow */ = {
			isa = PBXGroup;
			children = (
				81FD99E822F8171700738ABC /* Follow.storyboard */,
			);
			path = Follow;
			sourceTree = "<group>";
		};
		81FD99E022F8062500738ABC /* Profile */ = {
			isa = PBXGroup;
			children = (
				81FD99EB22F8173100738ABC /* Profile.storyboard */,
			);
			path = Profile;
			sourceTree = "<group>";
		};
		81FD99E122F8062F00738ABC /* Tools */ = {
			isa = PBXGroup;
			children = (
				81FD99F522F820CA00738ABC /* Extension */,
				81FD99F822F82E2B00738ABC /* Common.swift */,
			);
			path = Tools;
			sourceTree = "<group>";
		};
		81FD99F022F81B2F00738ABC /* Model */ = {
			isa = PBXGroup;
			children = (
			);
			path = Model;
			sourceTree = "<group>";
		};
		81FD99F122F81B3600738ABC /* View */ = {
			isa = PBXGroup;
			children = (
				8103CDBF22F96EC400D9E723 /* CollectionHeaderView.swift */,
				8103CDC022F96EC400D9E723 /* CollectionHeaderView.xib */,
			);
			path = View;
			sourceTree = "<group>";
		};
		81FD99F222F81B3B00738ABC /* Controller */ = {
			isa = PBXGroup;
			children = (
				81FD99F322F81B6800738ABC /* HomeViewController.swift */,
				8103CDBD22F961E800D9E723 /* RecommendViewController.swift */,
				81FD99E222F816D600738ABC /* Home.storyboard */,
			);
			path = Controller;
			sourceTree = "<group>";
		};
		81FD99F522F820CA00738ABC /* Extension */ = {
			isa = PBXGroup;
			children = (
				81FD99F622F820EC00738ABC /* UIBarButtonItem-Extension.swift */,
				8103CDBB22F9196500D9E723 /* UIColor-Extension.swift */,
			);
			path = Extension;
			sourceTree = "<group>";
		};
		CD41E40B22F867800065960D /* View */ = {
			isa = PBXGroup;
			children = (
				CD41E40C22F867C10065960D /* PageTitleView.swift */,
				CD41E40E22F87B610065960D /* PageContentView.swift */,
				8103CDC322F9743E00D9E723 /* CollectionNormalCell.swift */,
				8103CDC422F9743E00D9E723 /* CollectionNormalCell.xib */,
				8103CDC722F97A1000D9E723 /* CollectionGirlsCell.swift */,
				8103CDC822F97A1000D9E723 /* CollectionGirlsCell.xib */,
			);
			path = View;
			sourceTree = "<group>";
		};
/* End PBXGroup section */

/* Begin PBXNativeTarget section */
		81FD99A722F803C200738ABC /* DYZB */ = {
			isa = PBXNativeTarget;
			buildConfigurationList = 81FD99D022F803C500738ABC /* Build configuration list for PBXNativeTarget "DYZB" */;
			buildPhases = (
				81FD99A422F803C200738ABC /* Sources */,
				81FD99A522F803C200738ABC /* Frameworks */,
				81FD99A622F803C200738ABC /* Resources */,
			);
			buildRules = (
			);
			dependencies = (
			);
			name = DYZB;
			productName = DYZB;
			productReference = 81FD99A822F803C200738ABC /* DYZB.app */;
			productType = "com.apple.product-type.application";
		};
		81FD99BB22F803C500738ABC /* DYZBTests */ = {
			isa = PBXNativeTarget;
			buildConfigurationList = 81FD99D322F803C500738ABC /* Build configuration list for PBXNativeTarget "DYZBTests" */;
			buildPhases = (
				81FD99B822F803C500738ABC /* Sources */,
				81FD99B922F803C500738ABC /* Frameworks */,
				81FD99BA22F803C500738ABC /* Resources */,
			);
			buildRules = (
			);
			dependencies = (
				81FD99BE22F803C500738ABC /* PBXTargetDependency */,
			);
			name = DYZBTests;
			productName = DYZBTests;
			productReference = 81FD99BC22F803C500738ABC /* DYZBTests.xctest */;
			productType = "com.apple.product-type.bundle.unit-test";
		};
		81FD99C622F803C500738ABC /* DYZBUITests */ = {
			isa = PBXNativeTarget;
			buildConfigurationList = 81FD99D622F803C500738ABC /* Build configuration list for PBXNativeTarget "DYZBUITests" */;
			buildPhases = (
				81FD99C322F803C500738ABC /* Sources */,
				81FD99C422F803C500738ABC /* Frameworks */,
				81FD99C522F803C500738ABC /* Resources */,
			);
			buildRules = (
			);
			dependencies = (
				81FD99C922F803C500738ABC /* PBXTargetDependency */,
			);
			name = DYZBUITests;
			productName = DYZBUITests;
			productReference = 81FD99C722F803C500738ABC /* DYZBUITests.xctest */;
			productType = "com.apple.product-type.bundle.ui-testing";
		};
/* End PBXNativeTarget section */

/* Begin PBXProject section */
		81FD99A022F803C200738ABC /* Project object */ = {
			isa = PBXProject;
			attributes = {
				LastSwiftUpdateCheck = 1010;
				LastUpgradeCheck = 1010;
				ORGANIZATIONNAME = zcw;
				TargetAttributes = {
					81FD99A722F803C200738ABC = {
						CreatedOnToolsVersion = 10.1;
					};
					81FD99BB22F803C500738ABC = {
						CreatedOnToolsVersion = 10.1;
						TestTargetID = 81FD99A722F803C200738ABC;
					};
					81FD99C622F803C500738ABC = {
						CreatedOnToolsVersion = 10.1;
						TestTargetID = 81FD99A722F803C200738ABC;
					};
				};
			};
			buildConfigurationList = 81FD99A322F803C200738ABC /* Build configuration list for PBXProject "DYZB" */;
			compatibilityVersion = "Xcode 9.3";
			developmentRegion = en;
			hasScannedForEncodings = 0;
			knownRegions = (
				en,
				Base,
			);
			mainGroup = 81FD999F22F803C200738ABC;
			productRefGroup = 81FD99A922F803C200738ABC /* Products */;
			projectDirPath = "";
			projectRoot = "";
			targets = (
				81FD99A722F803C200738ABC /* DYZB */,
				81FD99BB22F803C500738ABC /* DYZBTests */,
				81FD99C622F803C500738ABC /* DYZBUITests */,
			);
		};
/* End PBXProject section */

/* Begin PBXResourcesBuildPhase section */
		81FD99A622F803C200738ABC /* Resources */ = {
			isa = PBXResourcesBuildPhase;
			buildActionMask = 2147483647;
			files = (
				81FD99B622F803C500738ABC /* LaunchScreen.storyboard in Resources */,
				8103CDC222F96EC400D9E723 /* CollectionHeaderView.xib in Resources */,
				8103CDC622F9743E00D9E723 /* CollectionNormalCell.xib in Resources */,
				81FD99B322F803C500738ABC /* Assets.xcassets in Resources */,
				81FD99B122F803C200738ABC /* Main.storyboard in Resources */,
				8103CDCA22F97A1000D9E723 /* CollectionGirlsCell.xib in Resources */,
				81FD99E722F8170000738ABC /* Live.storyboard in Resources */,
				81FD99E422F816D700738ABC /* Home.storyboard in Resources */,
				81FD99ED22F8173100738ABC /* Profile.storyboard in Resources */,
				81FD99EA22F8171700738ABC /* Follow.storyboard in Resources */,
			);
			runOnlyForDeploymentPostprocessing = 0;
		};
		81FD99BA22F803C500738ABC /* Resources */ = {
			isa = PBXResourcesBuildPhase;
			buildActionMask = 2147483647;
			files = (
			);
			runOnlyForDeploymentPostprocessing = 0;
		};
		81FD99C522F803C500738ABC /* Resources */ = {
			isa = PBXResourcesBuildPhase;
			buildActionMask = 2147483647;
			files = (
			);
			runOnlyForDeploymentPostprocessing = 0;
		};
/* End PBXResourcesBuildPhase section */

/* Begin PBXSourcesBuildPhase section */
		81FD99A422F803C200738ABC /* Sources */ = {
			isa = PBXSourcesBuildPhase;
			buildActionMask = 2147483647;
			files = (
				CD41E40D22F867C10065960D /* PageTitleView.swift in Sources */,
				8103CDC122F96EC400D9E723 /* CollectionHeaderView.swift in Sources */,
				8103CDBC22F9196500D9E723 /* UIColor-Extension.swift in Sources */,
				8103CDBE22F961E800D9E723 /* RecommendViewController.swift in Sources */,
				81FD99EF22F8182000738ABC /* MainTabbarController.swift in Sources */,
				8103CDC922F97A1000D9E723 /* CollectionGirlsCell.swift in Sources */,
				81FD99AC22F803C200738ABC /* AppDelegate.swift in Sources */,
				CD41E40F22F87B610065960D /* PageContentView.swift in Sources */,
				81FD99F722F820EC00738ABC /* UIBarButtonItem-Extension.swift in Sources */,
				81FD99F922F82E2B00738ABC /* Common.swift in Sources */,
				8103CDC522F9743E00D9E723 /* CollectionNormalCell.swift in Sources */,
				81FD99F422F81B6800738ABC /* HomeViewController.swift in Sources */,
			);
			runOnlyForDeploymentPostprocessing = 0;
		};
		81FD99B822F803C500738ABC /* Sources */ = {
			isa = PBXSourcesBuildPhase;
			buildActionMask = 2147483647;
			files = (
				81FD99C122F803C500738ABC /* DYZBTests.swift in Sources */,
			);
			runOnlyForDeploymentPostprocessing = 0;
		};
		81FD99C322F803C500738ABC /* Sources */ = {
			isa = PBXSourcesBuildPhase;
			buildActionMask = 2147483647;
			files = (
				81FD99CC22F803C500738ABC /* DYZBUITests.swift in Sources */,
			);
			runOnlyForDeploymentPostprocessing = 0;
		};
/* End PBXSourcesBuildPhase section */

/* Begin PBXTargetDependency section */
		81FD99BE22F803C500738ABC /* PBXTargetDependency */ = {
			isa = PBXTargetDependency;
			target = 81FD99A722F803C200738ABC /* DYZB */;
			targetProxy = 81FD99BD22F803C500738ABC /* PBXContainerItemProxy */;
		};
		81FD99C922F803C500738ABC /* PBXTargetDependency */ = {
			isa = PBXTargetDependency;
			target = 81FD99A722F803C200738ABC /* DYZB */;
			targetProxy = 81FD99C822F803C500738ABC /* PBXContainerItemProxy */;
		};
/* End PBXTargetDependency section */

/* Begin PBXVariantGroup section */
		81FD99AF22F803C200738ABC /* Main.storyboard */ = {
			isa = PBXVariantGroup;
			children = (
				81FD99B022F803C200738ABC /* Base */,
			);
			name = Main.storyboard;
			sourceTree = "<group>";
		};
		81FD99B422F803C500738ABC /* LaunchScreen.storyboard */ = {
			isa = PBXVariantGroup;
			children = (
				81FD99B522F803C500738ABC /* Base */,
			);
			name = LaunchScreen.storyboard;
			sourceTree = "<group>";
		};
		81FD99E222F816D600738ABC /* Home.storyboard */ = {
			isa = PBXVariantGroup;
			children = (
				81FD99E322F816D700738ABC /* Base */,
			);
			name = Home.storyboard;
			sourceTree = "<group>";
		};
		81FD99E522F8170000738ABC /* Live.storyboard */ = {
			isa = PBXVariantGroup;
			children = (
				81FD99E622F8170000738ABC /* Base */,
			);
			name = Live.storyboard;
			sourceTree = "<group>";
		};
		81FD99E822F8171700738ABC /* Follow.storyboard */ = {
			isa = PBXVariantGroup;
			children = (
				81FD99E922F8171700738ABC /* Base */,
			);
			name = Follow.storyboard;
			sourceTree = "<group>";
		};
		81FD99EB22F8173100738ABC /* Profile.storyboard */ = {
			isa = PBXVariantGroup;
			children = (
				81FD99EC22F8173100738ABC /* Base */,
			);
			name = Profile.storyboard;
			sourceTree = "<group>";
		};
/* End PBXVariantGroup section */

/* Begin XCBuildConfiguration section */
		81FD99CE22F803C500738ABC /* Debug */ = {
			isa = XCBuildConfiguration;
			buildSettings = {
				ALWAYS_SEARCH_USER_PATHS = NO;
				CLANG_ANALYZER_NONNULL = YES;
				CLANG_ANALYZER_NUMBER_OBJECT_CONVERSION = YES_AGGRESSIVE;
				CLANG_CXX_LANGUAGE_STANDARD = "gnu++14";
				CLANG_CXX_LIBRARY = "libc++";
				CLANG_ENABLE_MODULES = YES;
				CLANG_ENABLE_OBJC_ARC = YES;
				CLANG_ENABLE_OBJC_WEAK = YES;
				CLANG_WARN_BLOCK_CAPTURE_AUTORELEASING = YES;
				CLANG_WARN_BOOL_CONVERSION = YES;
				CLANG_WARN_COMMA = YES;
				CLANG_WARN_CONSTANT_CONVERSION = YES;
				CLANG_WARN_DEPRECATED_OBJC_IMPLEMENTATIONS = YES;
				CLANG_WARN_DIRECT_OBJC_ISA_USAGE = YES_ERROR;
				CLANG_WARN_DOCUMENTATION_COMMENTS = YES;
				CLANG_WARN_EMPTY_BODY = YES;
				CLANG_WARN_ENUM_CONVERSION = YES;
				CLANG_WARN_INFINITE_RECURSION = YES;
				CLANG_WARN_INT_CONVERSION = YES;
				CLANG_WARN_NON_LITERAL_NULL_CONVERSION = YES;
				CLANG_WARN_OBJC_IMPLICIT_RETAIN_SELF = YES;
				CLANG_WARN_OBJC_LITERAL_CONVERSION = YES;
				CLANG_WARN_OBJC_ROOT_CLASS = YES_ERROR;
				CLANG_WARN_RANGE_LOOP_ANALYSIS = YES;
				CLANG_WARN_STRICT_PROTOTYPES = YES;
				CLANG_WARN_SUSPICIOUS_MOVE = YES;
				CLANG_WARN_UNGUARDED_AVAILABILITY = YES_AGGRESSIVE;
				CLANG_WARN_UNREACHABLE_CODE = YES;
				CLANG_WARN__DUPLICATE_METHOD_MATCH = YES;
				CODE_SIGN_IDENTITY = "iPhone Developer";
				COPY_PHASE_STRIP = NO;
				DEBUG_INFORMATION_FORMAT = dwarf;
				ENABLE_STRICT_OBJC_MSGSEND = YES;
				ENABLE_TESTABILITY = YES;
				GCC_C_LANGUAGE_STANDARD = gnu11;
				GCC_DYNAMIC_NO_PIC = NO;
				GCC_NO_COMMON_BLOCKS = YES;
				GCC_OPTIMIZATION_LEVEL = 0;
				GCC_PREPROCESSOR_DEFINITIONS = (
					"DEBUG=1",
					"$(inherited)",
				);
				GCC_WARN_64_TO_32_BIT_CONVERSION = YES;
				GCC_WARN_ABOUT_RETURN_TYPE = YES_ERROR;
				GCC_WARN_UNDECLARED_SELECTOR = YES;
				GCC_WARN_UNINITIALIZED_AUTOS = YES_AGGRESSIVE;
				GCC_WARN_UNUSED_FUNCTION = YES;
				GCC_WARN_UNUSED_VARIABLE = YES;
				IPHONEOS_DEPLOYMENT_TARGET = 12.1;
				MTL_ENABLE_DEBUG_INFO = INCLUDE_SOURCE;
				MTL_FAST_MATH = YES;
				ONLY_ACTIVE_ARCH = YES;
				SDKROOT = iphoneos;
				SWIFT_ACTIVE_COMPILATION_CONDITIONS = DEBUG;
				SWIFT_OPTIMIZATION_LEVEL = "-Onone";
			};
			name = Debug;
		};
		81FD99CF22F803C500738ABC /* Release */ = {
			isa = XCBuildConfiguration;
			buildSettings = {
				ALWAYS_SEARCH_USER_PATHS = NO;
				CLANG_ANALYZER_NONNULL = YES;
				CLANG_ANALYZER_NUMBER_OBJECT_CONVERSION = YES_AGGRESSIVE;
				CLANG_CXX_LANGUAGE_STANDARD = "gnu++14";
				CLANG_CXX_LIBRARY = "libc++";
				CLANG_ENABLE_MODULES = YES;
				CLANG_ENABLE_OBJC_ARC = YES;
				CLANG_ENABLE_OBJC_WEAK = YES;
				CLANG_WARN_BLOCK_CAPTURE_AUTORELEASING = YES;
				CLANG_WARN_BOOL_CONVERSION = YES;
				CLANG_WARN_COMMA = YES;
				CLANG_WARN_CONSTANT_CONVERSION = YES;
				CLANG_WARN_DEPRECATED_OBJC_IMPLEMENTATIONS = YES;
				CLANG_WARN_DIRECT_OBJC_ISA_USAGE = YES_ERROR;
				CLANG_WARN_DOCUMENTATION_COMMENTS = YES;
				CLANG_WARN_EMPTY_BODY = YES;
				CLANG_WARN_ENUM_CONVERSION = YES;
				CLANG_WARN_INFINITE_RECURSION = YES;
				CLANG_WARN_INT_CONVERSION = YES;
				CLANG_WARN_NON_LITERAL_NULL_CONVERSION = YES;
				CLANG_WARN_OBJC_IMPLICIT_RETAIN_SELF = YES;
				CLANG_WARN_OBJC_LITERAL_CONVERSION = YES;
				CLANG_WARN_OBJC_ROOT_CLASS = YES_ERROR;
				CLANG_WARN_RANGE_LOOP_ANALYSIS = YES;
				CLANG_WARN_STRICT_PROTOTYPES = YES;
				CLANG_WARN_SUSPICIOUS_MOVE = YES;
				CLANG_WARN_UNGUARDED_AVAILABILITY = YES_AGGRESSIVE;
				CLANG_WARN_UNREACHABLE_CODE = YES;
				CLANG_WARN__DUPLICATE_METHOD_MATCH = YES;
				CODE_SIGN_IDENTITY = "iPhone Developer";
				COPY_PHASE_STRIP = NO;
				DEBUG_INFORMATION_FORMAT = "dwarf-with-dsym";
				ENABLE_NS_ASSERTIONS = NO;
				ENABLE_STRICT_OBJC_MSGSEND = YES;
				GCC_C_LANGUAGE_STANDARD = gnu11;
				GCC_NO_COMMON_BLOCKS = YES;
				GCC_WARN_64_TO_32_BIT_CONVERSION = YES;
				GCC_WARN_ABOUT_RETURN_TYPE = YES_ERROR;
				GCC_WARN_UNDECLARED_SELECTOR = YES;
				GCC_WARN_UNINITIALIZED_AUTOS = YES_AGGRESSIVE;
				GCC_WARN_UNUSED_FUNCTION = YES;
				GCC_WARN_UNUSED_VARIABLE = YES;
				IPHONEOS_DEPLOYMENT_TARGET = 12.1;
				MTL_ENABLE_DEBUG_INFO = NO;
				MTL_FAST_MATH = YES;
				SDKROOT = iphoneos;
				SWIFT_COMPILATION_MODE = wholemodule;
				SWIFT_OPTIMIZATION_LEVEL = "-O";
				VALIDATE_PRODUCT = YES;
			};
			name = Release;
		};
		81FD99D122F803C500738ABC /* Debug */ = {
			isa = XCBuildConfiguration;
			buildSettings = {
				ASSETCATALOG_COMPILER_APPICON_NAME = AppIcon;
				ASSETCATALOG_COMPILER_LAUNCHIMAGE_NAME = LaunchImage;
				CODE_SIGN_STYLE = Automatic;
				INFOPLIST_FILE = DYZB/Info.plist;
				LD_RUNPATH_SEARCH_PATHS = (
					"$(inherited)",
					"@executable_path/Frameworks",
				);
				PRODUCT_BUNDLE_IDENTIFIER = com.zcw.DYZB;
				PRODUCT_NAME = "$(TARGET_NAME)";
				SWIFT_VERSION = 4.2;
				TARGETED_DEVICE_FAMILY = "1,2";
			};
			name = Debug;
		};
		81FD99D222F803C500738ABC /* Release */ = {
			isa = XCBuildConfiguration;
			buildSettings = {
				ASSETCATALOG_COMPILER_APPICON_NAME = AppIcon;
				ASSETCATALOG_COMPILER_LAUNCHIMAGE_NAME = LaunchImage;
				CODE_SIGN_STYLE = Automatic;
				INFOPLIST_FILE = DYZB/Info.plist;
				LD_RUNPATH_SEARCH_PATHS = (
					"$(inherited)",
					"@executable_path/Frameworks",
				);
				PRODUCT_BUNDLE_IDENTIFIER = com.zcw.DYZB;
				PRODUCT_NAME = "$(TARGET_NAME)";
				SWIFT_VERSION = 4.2;
				TARGETED_DEVICE_FAMILY = "1,2";
			};
			name = Release;
		};
		81FD99D422F803C500738ABC /* Debug */ = {
			isa = XCBuildConfiguration;
			buildSettings = {
				ALWAYS_EMBED_SWIFT_STANDARD_LIBRARIES = YES;
				BUNDLE_LOADER = "$(TEST_HOST)";
				CODE_SIGN_STYLE = Automatic;
				INFOPLIST_FILE = DYZBTests/Info.plist;
				LD_RUNPATH_SEARCH_PATHS = (
					"$(inherited)",
					"@executable_path/Frameworks",
					"@loader_path/Frameworks",
				);
				PRODUCT_BUNDLE_IDENTIFIER = com.zcw.DYZBTests;
				PRODUCT_NAME = "$(TARGET_NAME)";
				SWIFT_VERSION = 4.2;
				TARGETED_DEVICE_FAMILY = "1,2";
				TEST_HOST = "$(BUILT_PRODUCTS_DIR)/DYZB.app/DYZB";
			};
			name = Debug;
		};
		81FD99D522F803C500738ABC /* Release */ = {
			isa = XCBuildConfiguration;
			buildSettings = {
				ALWAYS_EMBED_SWIFT_STANDARD_LIBRARIES = YES;
				BUNDLE_LOADER = "$(TEST_HOST)";
				CODE_SIGN_STYLE = Automatic;
				INFOPLIST_FILE = DYZBTests/Info.plist;
				LD_RUNPATH_SEARCH_PATHS = (
					"$(inherited)",
					"@executable_path/Frameworks",
					"@loader_path/Frameworks",
				);
				PRODUCT_BUNDLE_IDENTIFIER = com.zcw.DYZBTests;
				PRODUCT_NAME = "$(TARGET_NAME)";
				SWIFT_VERSION = 4.2;
				TARGETED_DEVICE_FAMILY = "1,2";
				TEST_HOST = "$(BUILT_PRODUCTS_DIR)/DYZB.app/DYZB";
			};
			name = Release;
		};
		81FD99D722F803C500738ABC /* Debug */ = {
			isa = XCBuildConfiguration;
			buildSettings = {
				ALWAYS_EMBED_SWIFT_STANDARD_LIBRARIES = YES;
				CODE_SIGN_STYLE = Automatic;
				INFOPLIST_FILE = DYZBUITests/Info.plist;
				LD_RUNPATH_SEARCH_PATHS = (
					"$(inherited)",
					"@executable_path/Frameworks",
					"@loader_path/Frameworks",
				);
				PRODUCT_BUNDLE_IDENTIFIER = com.zcw.DYZBUITests;
				PRODUCT_NAME = "$(TARGET_NAME)";
				SWIFT_VERSION = 4.2;
				TARGETED_DEVICE_FAMILY = "1,2";
				TEST_TARGET_NAME = DYZB;
			};
			name = Debug;
		};
		81FD99D822F803C500738ABC /* Release */ = {
			isa = XCBuildConfiguration;
			buildSettings = {
				ALWAYS_EMBED_SWIFT_STANDARD_LIBRARIES = YES;
				CODE_SIGN_STYLE = Automatic;
				INFOPLIST_FILE = DYZBUITests/Info.plist;
				LD_RUNPATH_SEARCH_PATHS = (
					"$(inherited)",
					"@executable_path/Frameworks",
					"@loader_path/Frameworks",
				);
				PRODUCT_BUNDLE_IDENTIFIER = com.zcw.DYZBUITests;
				PRODUCT_NAME = "$(TARGET_NAME)";
				SWIFT_VERSION = 4.2;
				TARGETED_DEVICE_FAMILY = "1,2";
				TEST_TARGET_NAME = DYZB;
			};
			name = Release;
		};
/* End XCBuildConfiguration section */

/* Begin XCConfigurationList section */
		81FD99A322F803C200738ABC /* Build configuration list for PBXProject "DYZB" */ = {
			isa = XCConfigurationList;
			buildConfigurations = (
				81FD99CE22F803C500738ABC /* Debug */,
				81FD99CF22F803C500738ABC /* Release */,
			);
			defaultConfigurationIsVisible = 0;
			defaultConfigurationName = Release;
		};
		81FD99D022F803C500738ABC /* Build configuration list for PBXNativeTarget "DYZB" */ = {
			isa = XCConfigurationList;
			buildConfigurations = (
				81FD99D122F803C500738ABC /* Debug */,
				81FD99D222F803C500738ABC /* Release */,
			);
			defaultConfigurationIsVisible = 0;
			defaultConfigurationName = Release;
		};
		81FD99D322F803C500738ABC /* Build configuration list for PBXNativeTarget "DYZBTests" */ = {
			isa = XCConfigurationList;
			buildConfigurations = (
				81FD99D422F803C500738ABC /* Debug */,
				81FD99D522F803C500738ABC /* Release */,
			);
			defaultConfigurationIsVisible = 0;
			defaultConfigurationName = Release;
		};
		81FD99D622F803C500738ABC /* Build configuration list for PBXNativeTarget "DYZBUITests" */ = {
			isa = XCConfigurationList;
			buildConfigurations = (
				81FD99D722F803C500738ABC /* Debug */,
				81FD99D822F803C500738ABC /* Release */,
			);
			defaultConfigurationIsVisible = 0;
			defaultConfigurationName = Release;
		};
/* End XCConfigurationList section */
	};
	rootObject = 81FD99A022F803C200738ABC /* Project object */;
}
